
Microsoft Visual Studio Solution File, Format Version 12.00
# Visual Studio 2013
VisualStudioVersion = 12.0.21005.1
MinimumVisualStudioVersion = 10.0.40219.1
Project("{8BC9CEB8-8B4A-11D0-8D11-00A0C91BC942}") = "MyLibrary", "MyLibrary\MyLibrary.vcxproj", "{D2DB2A0D-B68E-446A-90CF-92B29D09544F}"
EndProject
Global
	GlobalSection(SolutionConfigurationPlatforms) = preSolution
		Debug|Win32 = Debug|Win32
		Release|Win32 = Release|Win32
	EndGlobalSection
	GlobalSection(ProjectConfigurationPlatforms) = postSolution
		{D2DB2A0D-B68E-446A-90CF-92B29D09544F}.Debug|Win32.ActiveCfg = Debug|Win32
		{D2DB2A0D-B68E-446A-90CF-92B29D09544F}.Debug|Win32.Build.0 = Debug|Win32
		{D2DB2A0D-B68E-446A-90CF-92B29D09544F}.Release|Win32.ActiveCfg = Release|Win32
		{D2DB2A0D-B68E-446A-90CF-92B29D09544F}.Release|Win32.Build.0 = Release|Win32
	EndGlobalSection
	GlobalSection(SolutionProperties) = preSolution
		HideSolutionNode = FALSE
	EndGlobalSection
EndGlobal
