
Microsoft Visual Studio Solution File, Format Version 12.00
# Visual Studio 2013
VisualStudioVersion = 12.0.21005.1
MinimumVisualStudioVersion = 10.0.40219.1
Project("{8BC9CEB8-8B4A-11D0-8D11-00A0C91BC942}") = "Arrays", "Arrays\Arrays.vcxproj", "{AE4C107E-09B4-4B1C-94B0-DEF4211A88CD}"
EndProject
Global
	GlobalSection(SolutionConfigurationPlatforms) = preSolution
		Debug|Win32 = Debug|Win32
		Release|Win32 = Release|Win32
	EndGlobalSection
	GlobalSection(ProjectConfigurationPlatforms) = postSolution
		{AE4C107E-09B4-4B1C-94B0-DEF4211A88CD}.Debug|Win32.ActiveCfg = Debug|Win32
		{AE4C107E-09B4-4B1C-94B0-DEF4211A88CD}.Debug|Win32.Build.0 = Debug|Win32
		{AE4C107E-09B4-4B1C-94B0-DEF4211A88CD}.Release|Win32.ActiveCfg = Release|Win32
		{AE4C107E-09B4-4B1C-94B0-DEF4211A88CD}.Release|Win32.Build.0 = Release|Win32
	EndGlobalSection
	GlobalSection(SolutionProperties) = preSolution
		HideSolutionNode = FALSE
	EndGlobalSection
EndGlobal
